// !$*UTF8*$!
{
	archiveVersion = 1;
	classes = {
	};
	objectVersion = 50;
	objects = {

/* Begin PBXBuildFile section */
		8A65569223D919F4008C8313 /* PostImage.swift in Sources */ = {isa = PBXBuildFile; fileRef = 8A65569123D919F4008C8313 /* PostImage.swift */; };
		8A65569423D91A1D008C8313 /* PostList.swift in Sources */ = {isa = PBXBuildFile; fileRef = 8A65569323D91A1D008C8313 /* PostList.swift */; };
		8A65569623D921CC008C8313 /* HomeViewModel.swift in Sources */ = {isa = PBXBuildFile; fileRef = 8A65569523D921CC008C8313 /* HomeViewModel.swift */; };
		8A65569823DA0EA6008C8313 /* Localizable.stringsdict in Resources */ = {isa = PBXBuildFile; fileRef = 8A65569723DA0EA6008C8313 /* Localizable.stringsdict */; };
		8A6D09AB23DA3765009797A4 /* TopPostParams.swift in Sources */ = {isa = PBXBuildFile; fileRef = 8A6D09AA23DA3765009797A4 /* TopPostParams.swift */; };
		8AC9087223D8C93600EEB6AC /* AppDelegate.swift in Sources */ = {isa = PBXBuildFile; fileRef = 8AC9087123D8C93600EEB6AC /* AppDelegate.swift */; };
		8AC9087423D8C93600EEB6AC /* SceneDelegate.swift in Sources */ = {isa = PBXBuildFile; fileRef = 8AC9087323D8C93600EEB6AC /* SceneDelegate.swift */; };
		8AC9087623D8C93600EEB6AC /* HomeViewController.swift in Sources */ = {isa = PBXBuildFile; fileRef = 8AC9087523D8C93600EEB6AC /* HomeViewController.swift */; };
		8AC9087823D8C93600EEB6AC /* DetailViewController.swift in Sources */ = {isa = PBXBuildFile; fileRef = 8AC9087723D8C93600EEB6AC /* DetailViewController.swift */; };
		8AC9087B23D8C93600EEB6AC /* Main.storyboard in Resources */ = {isa = PBXBuildFile; fileRef = 8AC9087923D8C93600EEB6AC /* Main.storyboard */; };
		8AC9087D23D8C93800EEB6AC /* Assets.xcassets in Resources */ = {isa = PBXBuildFile; fileRef = 8AC9087C23D8C93800EEB6AC /* Assets.xcassets */; };
		8AC9088023D8C93800EEB6AC /* LaunchScreen.storyboard in Resources */ = {isa = PBXBuildFile; fileRef = 8AC9087E23D8C93800EEB6AC /* LaunchScreen.storyboard */; };
		8AC9088B23D8C93800EEB6AC /* RedditClientTests.swift in Sources */ = {isa = PBXBuildFile; fileRef = 8AC9088A23D8C93800EEB6AC /* RedditClientTests.swift */; };
		8AC9089623D8D04600EEB6AC /* PostListingCell.swift in Sources */ = {isa = PBXBuildFile; fileRef = 8AC9089523D8D04600EEB6AC /* PostListingCell.swift */; };
		8AC9089B23D8D84B00EEB6AC /* NetworkService.swift in Sources */ = {isa = PBXBuildFile; fileRef = 8AC9089A23D8D84B00EEB6AC /* NetworkService.swift */; };
		8AC9089E23D8DAE100EEB6AC /* PostItem.swift in Sources */ = {isa = PBXBuildFile; fileRef = 8AC9089D23D8DAE100EEB6AC /* PostItem.swift */; };
/* End PBXBuildFile section */

/* Begin PBXContainerItemProxy section */
		8AC9088723D8C93800EEB6AC /* PBXContainerItemProxy */ = {
			isa = PBXContainerItemProxy;
			containerPortal = 8AC9086623D8C93600EEB6AC /* Project object */;
			proxyType = 1;
			remoteGlobalIDString = 8AC9086D23D8C93600EEB6AC;
			remoteInfo = RedditClient;
		};
/* End PBXContainerItemProxy section */

/* Begin PBXFileReference section */
		8A65569123D919F4008C8313 /* PostImage.swift */ = {isa = PBXFileReference; lastKnownFileType = sourcecode.swift; path = PostImage.swift; sourceTree = "<group>"; };
		8A65569323D91A1D008C8313 /* PostList.swift */ = {isa = PBXFileReference; lastKnownFileType = sourcecode.swift; path = PostList.swift; sourceTree = "<group>"; };
		8A65569523D921CC008C8313 /* HomeViewModel.swift */ = {isa = PBXFileReference; lastKnownFileType = sourcecode.swift; path = HomeViewModel.swift; sourceTree = "<group>"; };
		8A65569723DA0EA6008C8313 /* Localizable.stringsdict */ = {isa = PBXFileReference; lastKnownFileType = text.plist.stringsdict; path = Localizable.stringsdict; sourceTree = "<group>"; };
		8A6D09AA23DA3765009797A4 /* TopPostParams.swift */ = {isa = PBXFileReference; lastKnownFileType = sourcecode.swift; path = TopPostParams.swift; sourceTree = "<group>"; };
		8AC9086E23D8C93600EEB6AC /* RedditClient.app */ = {isa = PBXFileReference; explicitFileType = wrapper.application; includeInIndex = 0; path = RedditClient.app; sourceTree = BUILT_PRODUCTS_DIR; };
		8AC9087123D8C93600EEB6AC /* AppDelegate.swift */ = {isa = PBXFileReference; lastKnownFileType = sourcecode.swift; path = AppDelegate.swift; sourceTree = "<group>"; };
		8AC9087323D8C93600EEB6AC /* SceneDelegate.swift */ = {isa = PBXFileReference; lastKnownFileType = sourcecode.swift; path = SceneDelegate.swift; sourceTree = "<group>"; };
		8AC9087523D8C93600EEB6AC /* HomeViewController.swift */ = {isa = PBXFileReference; lastKnownFileType = sourcecode.swift; path = HomeViewController.swift; sourceTree = "<group>"; };
		8AC9087723D8C93600EEB6AC /* DetailViewController.swift */ = {isa = PBXFileReference; lastKnownFileType = sourcecode.swift; path = DetailViewController.swift; sourceTree = "<group>"; };
		8AC9087A23D8C93600EEB6AC /* Base */ = {isa = PBXFileReference; lastKnownFileType = file.storyboard; name = Base; path = Base.lproj/Main.storyboard; sourceTree = "<group>"; };
		8AC9087C23D8C93800EEB6AC /* Assets.xcassets */ = {isa = PBXFileReference; lastKnownFileType = folder.assetcatalog; path = Assets.xcassets; sourceTree = "<group>"; };
		8AC9087F23D8C93800EEB6AC /* Base */ = {isa = PBXFileReference; lastKnownFileType = file.storyboard; name = Base; path = Base.lproj/LaunchScreen.storyboard; sourceTree = "<group>"; };
		8AC9088123D8C93800EEB6AC /* Info.plist */ = {isa = PBXFileReference; lastKnownFileType = text.plist.xml; path = Info.plist; sourceTree = "<group>"; };
		8AC9088623D8C93800EEB6AC /* RedditClientTests.xctest */ = {isa = PBXFileReference; explicitFileType = wrapper.cfbundle; includeInIndex = 0; path = RedditClientTests.xctest; sourceTree = BUILT_PRODUCTS_DIR; };
		8AC9088A23D8C93800EEB6AC /* RedditClientTests.swift */ = {isa = PBXFileReference; lastKnownFileType = sourcecode.swift; path = RedditClientTests.swift; sourceTree = "<group>"; };
		8AC9088C23D8C93800EEB6AC /* Info.plist */ = {isa = PBXFileReference; lastKnownFileType = text.plist.xml; path = Info.plist; sourceTree = "<group>"; };
		8AC9089523D8D04600EEB6AC /* PostListingCell.swift */ = {isa = PBXFileReference; lastKnownFileType = sourcecode.swift; path = PostListingCell.swift; sourceTree = "<group>"; };
		8AC9089A23D8D84B00EEB6AC /* NetworkService.swift */ = {isa = PBXFileReference; lastKnownFileType = sourcecode.swift; path = NetworkService.swift; sourceTree = "<group>"; };
		8AC9089D23D8DAE100EEB6AC /* PostItem.swift */ = {isa = PBXFileReference; lastKnownFileType = sourcecode.swift; path = PostItem.swift; sourceTree = "<group>"; };
/* End PBXFileReference section */

/* Begin PBXFrameworksBuildPhase section */
		8AC9086B23D8C93600EEB6AC /* Frameworks */ = {
			isa = PBXFrameworksBuildPhase;
			buildActionMask = 2147483647;
			files = (
			);
			runOnlyForDeploymentPostprocessing = 0;
		};
		8AC9088323D8C93800EEB6AC /* Frameworks */ = {
			isa = PBXFrameworksBuildPhase;
			buildActionMask = 2147483647;
			files = (
			);
			runOnlyForDeploymentPostprocessing = 0;
		};
/* End PBXFrameworksBuildPhase section */

/* Begin PBXGroup section */
		8AC9086523D8C93600EEB6AC = {
			isa = PBXGroup;
			children = (
				8AC9087023D8C93600EEB6AC /* RedditClient */,
				8AC9088923D8C93800EEB6AC /* RedditClientTests */,
				8AC9086F23D8C93600EEB6AC /* Products */,
			);
			sourceTree = "<group>";
		};
		8AC9086F23D8C93600EEB6AC /* Products */ = {
			isa = PBXGroup;
			children = (
				8AC9086E23D8C93600EEB6AC /* RedditClient.app */,
				8AC9088623D8C93800EEB6AC /* RedditClientTests.xctest */,
			);
			name = Products;
			sourceTree = "<group>";
		};
		8AC9087023D8C93600EEB6AC /* RedditClient */ = {
			isa = PBXGroup;
			children = (
				8AC9089C23D8DAC900EEB6AC /* Models */,
				8AC9089923D8D81D00EEB6AC /* Network */,
				8AC9089823D8D80500EEB6AC /* Detail */,
				8AC9089723D8D7F300EEB6AC /* Home */,
				8AC9087123D8C93600EEB6AC /* AppDelegate.swift */,
				8AC9087323D8C93600EEB6AC /* SceneDelegate.swift */,
				8AC9087923D8C93600EEB6AC /* Main.storyboard */,
				8AC9087C23D8C93800EEB6AC /* Assets.xcassets */,
				8AC9087E23D8C93800EEB6AC /* LaunchScreen.storyboard */,
				8AC9088123D8C93800EEB6AC /* Info.plist */,
				8A65569723DA0EA6008C8313 /* Localizable.stringsdict */,
			);
			path = RedditClient;
			sourceTree = "<group>";
		};
		8AC9088923D8C93800EEB6AC /* RedditClientTests */ = {
			isa = PBXGroup;
			children = (
				8AC9088A23D8C93800EEB6AC /* RedditClientTests.swift */,
				8AC9088C23D8C93800EEB6AC /* Info.plist */,
			);
			path = RedditClientTests;
			sourceTree = "<group>";
		};
		8AC9089723D8D7F300EEB6AC /* Home */ = {
			isa = PBXGroup;
			children = (
				8AC9087523D8C93600EEB6AC /* HomeViewController.swift */,
				8AC9089523D8D04600EEB6AC /* PostListingCell.swift */,
				8A65569523D921CC008C8313 /* HomeViewModel.swift */,
			);
			path = Home;
			sourceTree = "<group>";
		};
		8AC9089823D8D80500EEB6AC /* Detail */ = {
			isa = PBXGroup;
			children = (
				8AC9087723D8C93600EEB6AC /* DetailViewController.swift */,
			);
			path = Detail;
			sourceTree = "<group>";
		};
		8AC9089923D8D81D00EEB6AC /* Network */ = {
			isa = PBXGroup;
			children = (
				8AC9089A23D8D84B00EEB6AC /* NetworkService.swift */,
				8A6D09AA23DA3765009797A4 /* TopPostParams.swift */,
			);
			path = Network;
			sourceTree = "<group>";
		};
		8AC9089C23D8DAC900EEB6AC /* Models */ = {
			isa = PBXGroup;
			children = (
				8AC9089D23D8DAE100EEB6AC /* PostItem.swift */,
				8A65569123D919F4008C8313 /* PostImage.swift */,
				8A65569323D91A1D008C8313 /* PostList.swift */,
			);
			path = Models;
			sourceTree = "<group>";
		};
/* End PBXGroup section */

/* Begin PBXNativeTarget section */
		8AC9086D23D8C93600EEB6AC /* RedditClient */ = {
			isa = PBXNativeTarget;
			buildConfigurationList = 8AC9088F23D8C93800EEB6AC /* Build configuration list for PBXNativeTarget "RedditClient" */;
			buildPhases = (
				8AC9086A23D8C93600EEB6AC /* Sources */,
				8AC9086B23D8C93600EEB6AC /* Frameworks */,
				8AC9086C23D8C93600EEB6AC /* Resources */,
			);
			buildRules = (
			);
			dependencies = (
			);
			name = RedditClient;
			productName = RedditClient;
			productReference = 8AC9086E23D8C93600EEB6AC /* RedditClient.app */;
			productType = "com.apple.product-type.application";
		};
		8AC9088523D8C93800EEB6AC /* RedditClientTests */ = {
			isa = PBXNativeTarget;
			buildConfigurationList = 8AC9089223D8C93800EEB6AC /* Build configuration list for PBXNativeTarget "RedditClientTests" */;
			buildPhases = (
				8AC9088223D8C93800EEB6AC /* Sources */,
				8AC9088323D8C93800EEB6AC /* Frameworks */,
				8AC9088423D8C93800EEB6AC /* Resources */,
			);
			buildRules = (
			);
			dependencies = (
				8AC9088823D8C93800EEB6AC /* PBXTargetDependency */,
			);
			name = RedditClientTests;
			productName = RedditClientTests;
			productReference = 8AC9088623D8C93800EEB6AC /* RedditClientTests.xctest */;
			productType = "com.apple.product-type.bundle.unit-test";
		};
/* End PBXNativeTarget section */

/* Begin PBXProject section */
		8AC9086623D8C93600EEB6AC /* Project object */ = {
			isa = PBXProject;
			attributes = {
				LastSwiftUpdateCheck = 1130;
				LastUpgradeCheck = 1130;
				TargetAttributes = {
					8AC9086D23D8C93600EEB6AC = {
						CreatedOnToolsVersion = 11.3;
					};
					8AC9088523D8C93800EEB6AC = {
						CreatedOnToolsVersion = 11.3;
						TestTargetID = 8AC9086D23D8C93600EEB6AC;
					};
				};
			};
			buildConfigurationList = 8AC9086923D8C93600EEB6AC /* Build configuration list for PBXProject "RedditClient" */;
			compatibilityVersion = "Xcode 9.3";
			developmentRegion = en;
			hasScannedForEncodings = 0;
			knownRegions = (
				en,
				Base,
			);
			mainGroup = 8AC9086523D8C93600EEB6AC;
			productRefGroup = 8AC9086F23D8C93600EEB6AC /* Products */;
			projectDirPath = "";
			projectRoot = "";
			targets = (
				8AC9086D23D8C93600EEB6AC /* RedditClient */,
				8AC9088523D8C93800EEB6AC /* RedditClientTests */,
			);
		};
/* End PBXProject section */

/* Begin PBXResourcesBuildPhase section */
		8AC9086C23D8C93600EEB6AC /* Resources */ = {
			isa = PBXResourcesBuildPhase;
			buildActionMask = 2147483647;
			files = (
				8AC9088023D8C93800EEB6AC /* LaunchScreen.storyboard in Resources */,
				8A65569823DA0EA6008C8313 /* Localizable.stringsdict in Resources */,
				8AC9087D23D8C93800EEB6AC /* Assets.xcassets in Resources */,
				8AC9087B23D8C93600EEB6AC /* Main.storyboard in Resources */,
			);
			runOnlyForDeploymentPostprocessing = 0;
		};
		8AC9088423D8C93800EEB6AC /* Resources */ = {
			isa = PBXResourcesBuildPhase;
			buildActionMask = 2147483647;
			files = (
			);
			runOnlyForDeploymentPostprocessing = 0;
		};
/* End PBXResourcesBuildPhase section */

/* Begin PBXSourcesBuildPhase section */
		8AC9086A23D8C93600EEB6AC /* Sources */ = {
			isa = PBXSourcesBuildPhase;
			buildActionMask = 2147483647;
			files = (
				8AC9089E23D8DAE100EEB6AC /* PostItem.swift in Sources */,
				8A65569423D91A1D008C8313 /* PostList.swift in Sources */,
				8AC9087223D8C93600EEB6AC /* AppDelegate.swift in Sources */,
				8A65569623D921CC008C8313 /* HomeViewModel.swift in Sources */,
				8AC9087423D8C93600EEB6AC /* SceneDelegate.swift in Sources */,
				8A65569223D919F4008C8313 /* PostImage.swift in Sources */,
				8AC9087623D8C93600EEB6AC /* HomeViewController.swift in Sources */,
				8AC9089623D8D04600EEB6AC /* PostListingCell.swift in Sources */,
				8A6D09AB23DA3765009797A4 /* TopPostParams.swift in Sources */,
				8AC9089B23D8D84B00EEB6AC /* NetworkService.swift in Sources */,
				8AC9087823D8C93600EEB6AC /* DetailViewController.swift in Sources */,
			);
			runOnlyForDeploymentPostprocessing = 0;
		};
		8AC9088223D8C93800EEB6AC /* Sources */ = {
			isa = PBXSourcesBuildPhase;
			buildActionMask = 2147483647;
			files = (
				8AC9088B23D8C93800EEB6AC /* RedditClientTests.swift in Sources */,
			);
			runOnlyForDeploymentPostprocessing = 0;
		};
/* End PBXSourcesBuildPhase section */

/* Begin PBXTargetDependency section */
		8AC9088823D8C93800EEB6AC /* PBXTargetDependency */ = {
			isa = PBXTargetDependency;
			target = 8AC9086D23D8C93600EEB6AC /* RedditClient */;
			targetProxy = 8AC9088723D8C93800EEB6AC /* PBXContainerItemProxy */;
		};
/* End PBXTargetDependency section */

/* Begin PBXVariantGroup section */
		8AC9087923D8C93600EEB6AC /* Main.storyboard */ = {
			isa = PBXVariantGroup;
			children = (
				8AC9087A23D8C93600EEB6AC /* Base */,
			);
			name = Main.storyboard;
			sourceTree = "<group>";
		};
		8AC9087E23D8C93800EEB6AC /* LaunchScreen.storyboard */ = {
			isa = PBXVariantGroup;
			children = (
				8AC9087F23D8C93800EEB6AC /* Base */,
			);
			name = LaunchScreen.storyboard;
			sourceTree = "<group>";
		};
/* End PBXVariantGroup section */

/* Begin XCBuildConfiguration section */
		8AC9088D23D8C93800EEB6AC /* Debug */ = {
			isa = XCBuildConfiguration;
			buildSettings = {
				ALWAYS_SEARCH_USER_PATHS = NO;
				CLANG_ANALYZER_NONNULL = YES;
				CLANG_ANALYZER_NUMBER_OBJECT_CONVERSION = YES_AGGRESSIVE;
				CLANG_CXX_LANGUAGE_STANDARD = "gnu++14";
				CLANG_CXX_LIBRARY = "libc++";
				CLANG_ENABLE_MODULES = YES;
				CLANG_ENABLE_OBJC_ARC = YES;
				CLANG_ENABLE_OBJC_WEAK = YES;
				CLANG_WARN_BLOCK_CAPTURE_AUTORELEASING = YES;
				CLANG_WARN_BOOL_CONVERSION = YES;
				CLANG_WARN_COMMA = YES;
				CLANG_WARN_CONSTANT_CONVERSION = YES;
				CLANG_WARN_DEPRECATED_OBJC_IMPLEMENTATIONS = YES;
				CLANG_WARN_DIRECT_OBJC_ISA_USAGE = YES_ERROR;
				CLANG_WARN_DOCUMENTATION_COMMENTS = YES;
				CLANG_WARN_EMPTY_BODY = YES;
				CLANG_WARN_ENUM_CONVERSION = YES;
				CLANG_WARN_INFINITE_RECURSION = YES;
				CLANG_WARN_INT_CONVERSION = YES;
				CLANG_WARN_NON_LITERAL_NULL_CONVERSION = YES;
				CLANG_WARN_OBJC_IMPLICIT_RETAIN_SELF = YES;
				CLANG_WARN_OBJC_LITERAL_CONVERSION = YES;
				CLANG_WARN_OBJC_ROOT_CLASS = YES_ERROR;
				CLANG_WARN_RANGE_LOOP_ANALYSIS = YES;
				CLANG_WARN_STRICT_PROTOTYPES = YES;
				CLANG_WARN_SUSPICIOUS_MOVE = YES;
				CLANG_WARN_UNGUARDED_AVAILABILITY = YES_AGGRESSIVE;
				CLANG_WARN_UNREACHABLE_CODE = YES;
				CLANG_WARN__DUPLICATE_METHOD_MATCH = YES;
				COPY_PHASE_STRIP = NO;
				DEBUG_INFORMATION_FORMAT = dwarf;
				ENABLE_STRICT_OBJC_MSGSEND = YES;
				ENABLE_TESTABILITY = YES;
				GCC_C_LANGUAGE_STANDARD = gnu11;
				GCC_DYNAMIC_NO_PIC = NO;
				GCC_NO_COMMON_BLOCKS = YES;
				GCC_OPTIMIZATION_LEVEL = 0;
				GCC_PREPROCESSOR_DEFINITIONS = (
					"DEBUG=1",
					"$(inherited)",
				);
				GCC_WARN_64_TO_32_BIT_CONVERSION = YES;
				GCC_WARN_ABOUT_RETURN_TYPE = YES_ERROR;
				GCC_WARN_UNDECLARED_SELECTOR = YES;
				GCC_WARN_UNINITIALIZED_AUTOS = YES_AGGRESSIVE;
				GCC_WARN_UNUSED_FUNCTION = YES;
				GCC_WARN_UNUSED_VARIABLE = YES;
				IPHONEOS_DEPLOYMENT_TARGET = 13.2;
				MTL_ENABLE_DEBUG_INFO = INCLUDE_SOURCE;
				MTL_FAST_MATH = YES;
				ONLY_ACTIVE_ARCH = YES;
				SDKROOT = iphoneos;
				SWIFT_ACTIVE_COMPILATION_CONDITIONS = DEBUG;
				SWIFT_OPTIMIZATION_LEVEL = "-Onone";
			};
			name = Debug;
		};
		8AC9088E23D8C93800EEB6AC /* Release */ = {
			isa = XCBuildConfiguration;
			buildSettings = {
				ALWAYS_SEARCH_USER_PATHS = NO;
				CLANG_ANALYZER_NONNULL = YES;
				CLANG_ANALYZER_NUMBER_OBJECT_CONVERSION = YES_AGGRESSIVE;
				CLANG_CXX_LANGUAGE_STANDARD = "gnu++14";
				CLANG_CXX_LIBRARY = "libc++";
				CLANG_ENABLE_MODULES = YES;
				CLANG_ENABLE_OBJC_ARC = YES;
				CLANG_ENABLE_OBJC_WEAK = YES;
				CLANG_WARN_BLOCK_CAPTURE_AUTORELEASING = YES;
				CLANG_WARN_BOOL_CONVERSION = YES;
				CLANG_WARN_COMMA = YES;
				CLANG_WARN_CONSTANT_CONVERSION = YES;
				CLANG_WARN_DEPRECATED_OBJC_IMPLEMENTATIONS = YES;
				CLANG_WARN_DIRECT_OBJC_ISA_USAGE = YES_ERROR;
				CLANG_WARN_DOCUMENTATION_COMMENTS = YES;
				CLANG_WARN_EMPTY_BODY = YES;
				CLANG_WARN_ENUM_CONVERSION = YES;
				CLANG_WARN_INFINITE_RECURSION = YES;
				CLANG_WARN_INT_CONVERSION = YES;
				CLANG_WARN_NON_LITERAL_NULL_CONVERSION = YES;
				CLANG_WARN_OBJC_IMPLICIT_RETAIN_SELF = YES;
				CLANG_WARN_OBJC_LITERAL_CONVERSION = YES;
				CLANG_WARN_OBJC_ROOT_CLASS = YES_ERROR;
				CLANG_WARN_RANGE_LOOP_ANALYSIS = YES;
				CLANG_WARN_STRICT_PROTOTYPES = YES;
				CLANG_WARN_SUSPICIOUS_MOVE = YES;
				CLANG_WARN_UNGUARDED_AVAILABILITY = YES_AGGRESSIVE;
				CLANG_WARN_UNREACHABLE_CODE = YES;
				CLANG_WARN__DUPLICATE_METHOD_MATCH = YES;
				COPY_PHASE_STRIP = NO;
				DEBUG_INFORMATION_FORMAT = "dwarf-with-dsym";
				ENABLE_NS_ASSERTIONS = NO;
				ENABLE_STRICT_OBJC_MSGSEND = YES;
				GCC_C_LANGUAGE_STANDARD = gnu11;
				GCC_NO_COMMON_BLOCKS = YES;
				GCC_WARN_64_TO_32_BIT_CONVERSION = YES;
				GCC_WARN_ABOUT_RETURN_TYPE = YES_ERROR;
				GCC_WARN_UNDECLARED_SELECTOR = YES;
				GCC_WARN_UNINITIALIZED_AUTOS = YES_AGGRESSIVE;
				GCC_WARN_UNUSED_FUNCTION = YES;
				GCC_WARN_UNUSED_VARIABLE = YES;
				IPHONEOS_DEPLOYMENT_TARGET = 13.2;
				MTL_ENABLE_DEBUG_INFO = NO;
				MTL_FAST_MATH = YES;
				SDKROOT = iphoneos;
				SWIFT_COMPILATION_MODE = wholemodule;
				SWIFT_OPTIMIZATION_LEVEL = "-O";
				VALIDATE_PRODUCT = YES;
			};
			name = Release;
		};
		8AC9089023D8C93800EEB6AC /* Debug */ = {
			isa = XCBuildConfiguration;
			buildSettings = {
				ASSETCATALOG_COMPILER_APPICON_NAME = AppIcon;
				CODE_SIGN_STYLE = Automatic;
				INFOPLIST_FILE = RedditClient/Info.plist;
				LD_RUNPATH_SEARCH_PATHS = (
					"$(inherited)",
					"@executable_path/Frameworks",
				);
				PRODUCT_BUNDLE_IDENTIFIER = com.RedditClient;
				PRODUCT_NAME = "$(TARGET_NAME)";
				SWIFT_VERSION = 5.0;
				TARGETED_DEVICE_FAMILY = "1,2";
			};
			name = Debug;
		};
		8AC9089123D8C93800EEB6AC /* Release */ = {
			isa = XCBuildConfiguration;
			buildSettings = {
				ASSETCATALOG_COMPILER_APPICON_NAME = AppIcon;
				CODE_SIGN_STYLE = Automatic;
				INFOPLIST_FILE = RedditClient/Info.plist;
				LD_RUNPATH_SEARCH_PATHS = (
					"$(inherited)",
					"@executable_path/Frameworks",
				);
				PRODUCT_BUNDLE_IDENTIFIER = com.RedditClient;
				PRODUCT_NAME = "$(TARGET_NAME)";
				SWIFT_VERSION = 5.0;
				TARGETED_DEVICE_FAMILY = "1,2";
			};
			name = Release;
		};
		8AC9089323D8C93800EEB6AC /* Debug */ = {
			isa = XCBuildConfiguration;
			buildSettings = {
				ALWAYS_EMBED_SWIFT_STANDARD_LIBRARIES = YES;
				BUNDLE_LOADER = "$(TEST_HOST)";
				CODE_SIGN_STYLE = Automatic;
				INFOPLIST_FILE = RedditClientTests/Info.plist;
				IPHONEOS_DEPLOYMENT_TARGET = 13.2;
				LD_RUNPATH_SEARCH_PATHS = (
					"$(inherited)",
					"@executable_path/Frameworks",
					"@loader_path/Frameworks",
				);
				PRODUCT_BUNDLE_IDENTIFIER = com.RedditClientTests;
				PRODUCT_NAME = "$(TARGET_NAME)";
				SWIFT_VERSION = 5.0;
				TARGETED_DEVICE_FAMILY = "1,2";
				TEST_HOST = "$(BUILT_PRODUCTS_DIR)/RedditClient.app/RedditClient";
			};
			name = Debug;
		};
		8AC9089423D8C93800EEB6AC /* Release */ = {
			isa = XCBuildConfiguration;
			buildSettings = {
				ALWAYS_EMBED_SWIFT_STANDARD_LIBRARIES = YES;
				BUNDLE_LOADER = "$(TEST_HOST)";
				CODE_SIGN_STYLE = Automatic;
				INFOPLIST_FILE = RedditClientTests/Info.plist;
				IPHONEOS_DEPLOYMENT_TARGET = 13.2;
				LD_RUNPATH_SEARCH_PATHS = (
					"$(inherited)",
					"@executable_path/Frameworks",
					"@loader_path/Frameworks",
				);
				PRODUCT_BUNDLE_IDENTIFIER = com.RedditClientTests;
				PRODUCT_NAME = "$(TARGET_NAME)";
				SWIFT_VERSION = 5.0;
				TARGETED_DEVICE_FAMILY = "1,2";
				TEST_HOST = "$(BUILT_PRODUCTS_DIR)/RedditClient.app/RedditClient";
			};
			name = Release;
		};
/* End XCBuildConfiguration section */

/* Begin XCConfigurationList section */
		8AC9086923D8C93600EEB6AC /* Build configuration list for PBXProject "RedditClient" */ = {
			isa = XCConfigurationList;
			buildConfigurations = (
				8AC9088D23D8C93800EEB6AC /* Debug */,
				8AC9088E23D8C93800EEB6AC /* Release */,
			);
			defaultConfigurationIsVisible = 0;
			defaultConfigurationName = Release;
		};
		8AC9088F23D8C93800EEB6AC /* Build configuration list for PBXNativeTarget "RedditClient" */ = {
			isa = XCConfigurationList;
			buildConfigurations = (
				8AC9089023D8C93800EEB6AC /* Debug */,
				8AC9089123D8C93800EEB6AC /* Release */,
			);
			defaultConfigurationIsVisible = 0;
			defaultConfigurationName = Release;
		};
		8AC9089223D8C93800EEB6AC /* Build configuration list for PBXNativeTarget "RedditClientTests" */ = {
			isa = XCConfigurationList;
			buildConfigurations = (
				8AC9089323D8C93800EEB6AC /* Debug */,
				8AC9089423D8C93800EEB6AC /* Release */,
			);
			defaultConfigurationIsVisible = 0;
			defaultConfigurationName = Release;
		};
/* End XCConfigurationList section */
	};
	rootObject = 8AC9086623D8C93600EEB6AC /* Project object */;
}
